// !$*UTF8*$!
{
	archiveVersion = 1;
	classes = {
	};
	objectVersion = 46;
	objects = {

/* Begin PBXBuildFile section */
		05AD9B871CEEE7E6006C53B2 /* AppDelegate.swift in Sources */ = {isa = PBXBuildFile; fileRef = 05AD9B861CEEE7E6006C53B2 /* AppDelegate.swift */; };
		05AD9B891CEEE7E6006C53B2 /* ViewController.swift in Sources */ = {isa = PBXBuildFile; fileRef = 05AD9B881CEEE7E6006C53B2 /* ViewController.swift */; };
		05AD9B8C1CEEE7E6006C53B2 /* Main.storyboard in Resources */ = {isa = PBXBuildFile; fileRef = 05AD9B8A1CEEE7E6006C53B2 /* Main.storyboard */; };
		05AD9B8E1CEEE7E6006C53B2 /* Assets.xcassets in Resources */ = {isa = PBXBuildFile; fileRef = 05AD9B8D1CEEE7E6006C53B2 /* Assets.xcassets */; };
		05AD9B911CEEE7E6006C53B2 /* LaunchScreen.storyboard in Resources */ = {isa = PBXBuildFile; fileRef = 05AD9B8F1CEEE7E6006C53B2 /* LaunchScreen.storyboard */; };
		05AD9B991CEEE87E006C53B2 /* Parser.swift in Sources */ = {isa = PBXBuildFile; fileRef = 05AD9B981CEEE87E006C53B2 /* Parser.swift */; };
		05D8D69C1CEEFB180065B88F /* Back.png in Resources */ = {isa = PBXBuildFile; fileRef = 05D8D69B1CEEFB180065B88F /* Back.png */; };
		2E67F2C48BE070DFB2E73769 /* Pods_JsonParser.framework in Frameworks */ = {isa = PBXBuildFile; fileRef = 938DB788C0FD9DDA3B40A92B /* Pods_JsonParser.framework */; };
/* End PBXBuildFile section */

/* Begin PBXFileReference section */
		05AD9B831CEEE7E6006C53B2 /* JsonParser.app */ = {isa = PBXFileReference; explicitFileType = wrapper.application; includeInIndex = 0; path = JsonParser.app; sourceTree = BUILT_PRODUCTS_DIR; };
		05AD9B861CEEE7E6006C53B2 /* AppDelegate.swift */ = {isa = PBXFileReference; lastKnownFileType = sourcecode.swift; path = AppDelegate.swift; sourceTree = "<group>"; };
		05AD9B881CEEE7E6006C53B2 /* ViewController.swift */ = {isa = PBXFileReference; lastKnownFileType = sourcecode.swift; path = ViewController.swift; sourceTree = "<group>"; };
		05AD9B8B1CEEE7E6006C53B2 /* Base */ = {isa = PBXFileReference; lastKnownFileType = file.storyboard; name = Base; path = Base.lproj/Main.storyboard; sourceTree = "<group>"; };
		05AD9B8D1CEEE7E6006C53B2 /* Assets.xcassets */ = {isa = PBXFileReference; lastKnownFileType = folder.assetcatalog; path = Assets.xcassets; sourceTree = "<group>"; };
		05AD9B901CEEE7E6006C53B2 /* Base */ = {isa = PBXFileReference; lastKnownFileType = file.storyboard; name = Base; path = Base.lproj/LaunchScreen.storyboard; sourceTree = "<group>"; };
		05AD9B921CEEE7E6006C53B2 /* Info.plist */ = {isa = PBXFileReference; lastKnownFileType = text.plist.xml; path = Info.plist; sourceTree = "<group>"; };
		05AD9B981CEEE87E006C53B2 /* Parser.swift */ = {isa = PBXFileReference; fileEncoding = 4; lastKnownFileType = sourcecode.swift; path = Parser.swift; sourceTree = "<group>"; };
		05D8D69B1CEEFB180065B88F /* Back.png */ = {isa = PBXFileReference; lastKnownFileType = image.png; path = Back.png; sourceTree = "<group>"; };
		8D16EFEC9CDF4448A02EC36A /* Pods-JsonParser.release.xcconfig */ = {isa = PBXFileReference; includeInIndex = 1; lastKnownFileType = text.xcconfig; name = "Pods-JsonParser.release.xcconfig"; path = "Pods/Target Support Files/Pods-JsonParser/Pods-JsonParser.release.xcconfig"; sourceTree = "<group>"; };
		938DB788C0FD9DDA3B40A92B /* Pods_JsonParser.framework */ = {isa = PBXFileReference; explicitFileType = wrapper.framework; includeInIndex = 0; path = Pods_JsonParser.framework; sourceTree = BUILT_PRODUCTS_DIR; };
		C8701F68255B4F79791EC4FD /* Pods-JsonParser.debug.xcconfig */ = {isa = PBXFileReference; includeInIndex = 1; lastKnownFileType = text.xcconfig; name = "Pods-JsonParser.debug.xcconfig"; path = "Pods/Target Support Files/Pods-JsonParser/Pods-JsonParser.debug.xcconfig"; sourceTree = "<group>"; };
/* End PBXFileReference section */

/* Begin PBXFrameworksBuildPhase section */
		05AD9B801CEEE7E6006C53B2 /* Frameworks */ = {
			isa = PBXFrameworksBuildPhase;
			buildActionMask = 2147483647;
			files = (
				2E67F2C48BE070DFB2E73769 /* Pods_JsonParser.framework in Frameworks */,
			);
			runOnlyForDeploymentPostprocessing = 0;
		};
/* End PBXFrameworksBuildPhase section */

/* Begin PBXGroup section */
		05AD9B7A1CEEE7E6006C53B2 = {
			isa = PBXGroup;
			children = (
				05AD9B851CEEE7E6006C53B2 /* JsonParser */,
				05AD9B841CEEE7E6006C53B2 /* Products */,
				438F43C3020D8B36FBE79AD5 /* Pods */,
				85A9D584AB1D0C1D56B82CFC /* Frameworks */,
			);
			sourceTree = "<group>";
		};
		05AD9B841CEEE7E6006C53B2 /* Products */ = {
			isa = PBXGroup;
			children = (
				05AD9B831CEEE7E6006C53B2 /* JsonParser.app */,
			);
			name = Products;
			sourceTree = "<group>";
		};
		05AD9B851CEEE7E6006C53B2 /* JsonParser */ = {
			isa = PBXGroup;
			children = (
				05AD9B861CEEE7E6006C53B2 /* AppDelegate.swift */,
				05AD9B881CEEE7E6006C53B2 /* ViewController.swift */,
				05AD9B981CEEE87E006C53B2 /* Parser.swift */,
				05AD9B8A1CEEE7E6006C53B2 /* Main.storyboard */,
				05D8D69B1CEEFB180065B88F /* Back.png */,
				05AD9B8D1CEEE7E6006C53B2 /* Assets.xcassets */,
				05AD9B8F1CEEE7E6006C53B2 /* LaunchScreen.storyboard */,
				05AD9B921CEEE7E6006C53B2 /* Info.plist */,
			);
			path = JsonParser;
			sourceTree = "<group>";
		};
		438F43C3020D8B36FBE79AD5 /* Pods */ = {
			isa = PBXGroup;
			children = (
				C8701F68255B4F79791EC4FD /* Pods-JsonParser.debug.xcconfig */,
				8D16EFEC9CDF4448A02EC36A /* Pods-JsonParser.release.xcconfig */,
			);
			name = Pods;
			sourceTree = "<group>";
		};
		85A9D584AB1D0C1D56B82CFC /* Frameworks */ = {
			isa = PBXGroup;
			children = (
				938DB788C0FD9DDA3B40A92B /* Pods_JsonParser.framework */,
			);
			name = Frameworks;
			sourceTree = "<group>";
		};
/* End PBXGroup section */

/* Begin PBXNativeTarget section */
		05AD9B821CEEE7E6006C53B2 /* JsonParser */ = {
			isa = PBXNativeTarget;
			buildConfigurationList = 05AD9B951CEEE7E6006C53B2 /* Build configuration list for PBXNativeTarget "JsonParser" */;
			buildPhases = (
				253B35FD454EF9B96E54B02F /* 📦 Check Pods Manifest.lock */,
				05AD9B7F1CEEE7E6006C53B2 /* Sources */,
				05AD9B801CEEE7E6006C53B2 /* Frameworks */,
				05AD9B811CEEE7E6006C53B2 /* Resources */,
				885C25274A6751D2B8E3A8D7 /* 📦 Embed Pods Frameworks */,
				91A23A3FD4A0A7980963879F /* 📦 Copy Pods Resources */,
			);
			buildRules = (
			);
			dependencies = (
			);
			name = JsonParser;
			productName = JsonParser;
			productReference = 05AD9B831CEEE7E6006C53B2 /* JsonParser.app */;
			productType = "com.apple.product-type.application";
		};
/* End PBXNativeTarget section */

/* Begin PBXProject section */
		05AD9B7B1CEEE7E6006C53B2 /* Project object */ = {
			isa = PBXProject;
			attributes = {
				LastSwiftUpdateCheck = 0730;
				LastUpgradeCheck = 0730;
				ORGANIZATIONNAME = "Ashwani Choudhary";
				TargetAttributes = {
					05AD9B821CEEE7E6006C53B2 = {
						CreatedOnToolsVersion = 7.3.1;
						DevelopmentTeam = 46HE29SUXE;
					};
				};
			};
			buildConfigurationList = 05AD9B7E1CEEE7E6006C53B2 /* Build configuration list for PBXProject "JsonParser" */;
			compatibilityVersion = "Xcode 3.2";
			developmentRegion = English;
			hasScannedForEncodings = 0;
			knownRegions = (
				en,
				Base,
			);
			mainGroup = 05AD9B7A1CEEE7E6006C53B2;
			productRefGroup = 05AD9B841CEEE7E6006C53B2 /* Products */;
			projectDirPath = "";
			projectRoot = "";
			targets = (
				05AD9B821CEEE7E6006C53B2 /* JsonParser */,
			);
		};
/* End PBXProject section */

/* Begin PBXResourcesBuildPhase section */
		05AD9B811CEEE7E6006C53B2 /* Resources */ = {
			isa = PBXResourcesBuildPhase;
			buildActionMask = 2147483647;
			files = (
				05AD9B911CEEE7E6006C53B2 /* LaunchScreen.storyboard in Resources */,
				05AD9B8E1CEEE7E6006C53B2 /* Assets.xcassets in Resources */,
				05D8D69C1CEEFB180065B88F /* Back.png in Resources */,
				05AD9B8C1CEEE7E6006C53B2 /* Main.storyboard in Resources */,
			);
			runOnlyForDeploymentPostprocessing = 0;
		};
/* End PBXResourcesBuildPhase section */

/* Begin PBXShellScriptBuildPhase section */
		253B35FD454EF9B96E54B02F /* 📦 Check Pods Manifest.lock */ = {
			isa = PBXShellScriptBuildPhase;
			buildActionMask = 2147483647;
			files = (
			);
			inputPaths = (
			);
			name = "📦 Check Pods Manifest.lock";
			outputPaths = (
			);
			runOnlyForDeploymentPostprocessing = 0;
			shellPath = /bin/sh;
			shellScript = "diff \"${PODS_ROOT}/../Podfile.lock\" \"${PODS_ROOT}/Manifest.lock\" > /dev/null\nif [[ $? != 0 ]] ; then\n    cat << EOM\nerror: The sandbox is not in sync with the Podfile.lock. Run 'pod install' or update your CocoaPods installation.\nEOM\n    exit 1\nfi\n";
			showEnvVarsInLog = 0;
		};
		885C25274A6751D2B8E3A8D7 /* 📦 Embed Pods Frameworks */ = {
			isa = PBXShellScriptBuildPhase;
			buildActionMask = 2147483647;
			files = (
			);
			inputPaths = (
			);
			name = "📦 Embed Pods Frameworks";
			outputPaths = (
			);
			runOnlyForDeploymentPostprocessing = 0;
			shellPath = /bin/sh;
			shellScript = "\"${SRCROOT}/Pods/Target Support Files/Pods-JsonParser/Pods-JsonParser-frameworks.sh\"\n";
			showEnvVarsInLog = 0;
		};
		91A23A3FD4A0A7980963879F /* 📦 Copy Pods Resources */ = {
			isa = PBXShellScriptBuildPhase;
			buildActionMask = 2147483647;
			files = (
			);
			inputPaths = (
			);
			name = "📦 Copy Pods Resources";
			outputPaths = (
			);
			runOnlyForDeploymentPostprocessing = 0;
			shellPath = /bin/sh;
			shellScript = "\"${SRCROOT}/Pods/Target Support Files/Pods-JsonParser/Pods-JsonParser-resources.sh\"\n";
			showEnvVarsInLog = 0;
		};
/* End PBXShellScriptBuildPhase section */

/* Begin PBXSourcesBuildPhase section */
		05AD9B7F1CEEE7E6006C53B2 /* Sources */ = {
			isa = PBXSourcesBuildPhase;
			buildActionMask = 2147483647;
			files = (
				05AD9B891CEEE7E6006C53B2 /* ViewController.swift in Sources */,
				05AD9B871CEEE7E6006C53B2 /* AppDelegate.swift in Sources */,
				05AD9B991CEEE87E006C53B2 /* Parser.swift in Sources */,
			);
			runOnlyForDeploymentPostprocessing = 0;
		};
/* End PBXSourcesBuildPhase section */

/* Begin PBXVariantGroup section */
		05AD9B8A1CEEE7E6006C53B2 /* Main.storyboard */ = {
			isa = PBXVariantGroup;
			children = (
				05AD9B8B1CEEE7E6006C53B2 /* Base */,
			);
			name = Main.storyboard;
			sourceTree = "<group>";
		};
		05AD9B8F1CEEE7E6006C53B2 /* LaunchScreen.storyboard */ = {
			isa = PBXVariantGroup;
			children = (
				05AD9B901CEEE7E6006C53B2 /* Base */,
			);
			name = LaunchScreen.storyboard;
			sourceTree = "<group>";
		};
/* End PBXVariantGroup section */

/* Begin XCBuildConfiguration section */
		05AD9B931CEEE7E6006C53B2 /* Debug */ = {
			isa = XCBuildConfiguration;
			buildSettings = {
				ALWAYS_SEARCH_USER_PATHS = NO;
				CLANG_ANALYZER_NONNULL = YES;
				CLANG_CXX_LANGUAGE_STANDARD = "gnu++0x";
				CLANG_CXX_LIBRARY = "libc++";
				CLANG_ENABLE_MODULES = YES;
				CLANG_ENABLE_OBJC_ARC = YES;
				CLANG_WARN_BOOL_CONVERSION = YES;
				CLANG_WARN_CONSTANT_CONVERSION = YES;
				CLANG_WARN_DIRECT_OBJC_ISA_USAGE = YES_ERROR;
				CLANG_WARN_EMPTY_BODY = YES;
				CLANG_WARN_ENUM_CONVERSION = YES;
				CLANG_WARN_INT_CONVERSION = YES;
				CLANG_WARN_OBJC_ROOT_CLASS = YES_ERROR;
				CLANG_WARN_UNREACHABLE_CODE = YES;
				CLANG_WARN__DUPLICATE_METHOD_MATCH = YES;
				"CODE_SIGN_IDENTITY[sdk=iphoneos*]" = "iPhone Developer";
				COPY_PHASE_STRIP = NO;
				DEBUG_INFORMATION_FORMAT = dwarf;
				ENABLE_STRICT_OBJC_MSGSEND = YES;
				ENABLE_TESTABILITY = YES;
				GCC_C_LANGUAGE_STANDARD = gnu99;
				GCC_DYNAMIC_NO_PIC = NO;
				GCC_NO_COMMON_BLOCKS = YES;
				GCC_OPTIMIZATION_LEVEL = 0;
				GCC_PREPROCESSOR_DEFINITIONS = (
					"DEBUG=1",
					"$(inherited)",
				);
				GCC_WARN_64_TO_32_BIT_CONVERSION = YES;
				GCC_WARN_ABOUT_RETURN_TYPE = YES_ERROR;
				GCC_WARN_UNDECLARED_SELECTOR = YES;
				GCC_WARN_UNINITIALIZED_AUTOS = YES_AGGRESSIVE;
				GCC_WARN_UNUSED_FUNCTION = YES;
				GCC_WARN_UNUSED_VARIABLE = YES;
				IPHONEOS_DEPLOYMENT_TARGET = 9.3;
				MTL_ENABLE_DEBUG_INFO = YES;
				ONLY_ACTIVE_ARCH = YES;
				SDKROOT = iphoneos;
				SWIFT_OPTIMIZATION_LEVEL = "-Onone";
			};
			name = Debug;
		};
		05AD9B941CEEE7E6006C53B2 /* Release */ = {
			isa = XCBuildConfiguration;
			buildSettings = {
				ALWAYS_SEARCH_USER_PATHS = NO;
				CLANG_ANALYZER_NONNULL = YES;
				CLANG_CXX_LANGUAGE_STANDARD = "gnu++0x";
				CLANG_CXX_LIBRARY = "libc++";
				CLANG_ENABLE_MODULES = YES;
				CLANG_ENABLE_OBJC_ARC = YES;
				CLANG_WARN_BOOL_CONVERSION = YES;
				CLANG_WARN_CONSTANT_CONVERSION = YES;
				CLANG_WARN_DIRECT_OBJC_ISA_USAGE = YES_ERROR;
				CLANG_WARN_EMPTY_BODY = YES;
				CLANG_WARN_ENUM_CONVERSION = YES;
				CLANG_WARN_INT_CONVERSION = YES;
				CLANG_WARN_OBJC_ROOT_CLASS = YES_ERROR;
				CLANG_WARN_UNREACHABLE_CODE = YES;
				CLANG_WARN__DUPLICATE_METHOD_MATCH = YES;
				"CODE_SIGN_IDENTITY[sdk=iphoneos*]" = "iPhone Developer";
				COPY_PHASE_STRIP = NO;
				DEBUG_INFORMATION_FORMAT = "dwarf-with-dsym";
				ENABLE_NS_ASSERTIONS = NO;
				ENABLE_STRICT_OBJC_MSGSEND = YES;
				GCC_C_LANGUAGE_STANDARD = gnu99;
				GCC_NO_COMMON_BLOCKS = YES;
				GCC_WARN_64_TO_32_BIT_CONVERSION = YES;
				GCC_WARN_ABOUT_RETURN_TYPE = YES_ERROR;
				GCC_WARN_UNDECLARED_SELECTOR = YES;
				GCC_WARN_UNINITIALIZED_AUTOS = YES_AGGRESSIVE;
				GCC_WARN_UNUSED_FUNCTION = YES;
				GCC_WARN_UNUSED_VARIABLE = YES;
				IPHONEOS_DEPLOYMENT_TARGET = 9.3;
				MTL_ENABLE_DEBUG_INFO = NO;
				SDKROOT = iphoneos;
				VALIDATE_PRODUCT = YES;
			};
			name = Release;
		};
		05AD9B961CEEE7E6006C53B2 /* Debug */ = {
			isa = XCBuildConfiguration;
			baseConfigurationReference = C8701F68255B4F79791EC4FD /* Pods-JsonParser.debug.xcconfig */;
			buildSettings = {
				ASSETCATALOG_COMPILER_APPICON_NAME = AppIcon;
				CODE_SIGN_IDENTITY = "iPhone Developer";
				INFOPLIST_FILE = JsonParser/Info.plist;
				LD_RUNPATH_SEARCH_PATHS = "$(inherited) @executable_path/Frameworks";
				PRODUCT_BUNDLE_IDENTIFIER = com.ZakoopiTesting;
				PRODUCT_NAME = "$(TARGET_NAME)";
			};
			name = Debug;
		};
		05AD9B971CEEE7E6006C53B2 /* Release */ = {
			isa = XCBuildConfiguration;
			baseConfigurationReference = 8D16EFEC9CDF4448A02EC36A /* Pods-JsonParser.release.xcconfig */;
			buildSettings = {
				ASSETCATALOG_COMPILER_APPICON_NAME = AppIcon;
				CODE_SIGN_IDENTITY = "iPhone Developer";
				INFOPLIST_FILE = JsonParser/Info.plist;
				LD_RUNPATH_SEARCH_PATHS = "$(inherited) @executable_path/Frameworks";
				PRODUCT_BUNDLE_IDENTIFIER = com.ZakoopiTesting;
				PRODUCT_NAME = "$(TARGET_NAME)";
			};
			name = Release;
		};
/* End XCBuildConfiguration section */

/* Begin XCConfigurationList section */
		05AD9B7E1CEEE7E6006C53B2 /* Build configuration list for PBXProject "JsonParser" */ = {
			isa = XCConfigurationList;
			buildConfigurations = (
				05AD9B931CEEE7E6006C53B2 /* Debug */,
				05AD9B941CEEE7E6006C53B2 /* Release */,
			);
			defaultConfigurationIsVisible = 0;
			defaultConfigurationName = Release;
		};
		05AD9B951CEEE7E6006C53B2 /* Build configuration list for PBXNativeTarget "JsonParser" */ = {
			isa = XCConfigurationList;
			buildConfigurations = (
				05AD9B961CEEE7E6006C53B2 /* Debug */,
				05AD9B971CEEE7E6006C53B2 /* Release */,
			);
			defaultConfigurationIsVisible = 0;
			defaultConfigurationName = Release;
		};
/* End XCConfigurationList section */
	};
	rootObject = 05AD9B7B1CEEE7E6006C53B2 /* Project object */;
}
